
Microsoft Visual Studio Solution File, Format Version 12.00
# Visual Studio Version 17
VisualStudioVersion = 17.8.34408.163
MinimumVisualStudioVersion = 10.0.40219.1
Project("{FAE04EC0-301F-11D3-BF4B-00C04F79EFBC}") = "BasketServiceExample", "BasketServiceExample\BasketServiceExample.csproj", "{91ACB29A-C85E-4A84-A762-EBBD0D943AA9}"
EndProject
Project("{FAE04EC0-301F-11D3-BF4B-00C04F79EFBC}") = "BasketServiceExample.UnitTests", "BasketServiceExample.Tests\BasketServiceExample.UnitTests.csproj", "{DC242665-C027-47B3-AF2C-214AC5BBE8ED}"
EndProject
Global
	GlobalSection(SolutionConfigurationPlatforms) = preSolution
		Debug|Any CPU = Debug|Any CPU
		Release|Any CPU = Release|Any CPU
	EndGlobalSection
	GlobalSection(ProjectConfigurationPlatforms) = postSolution
		{91ACB29A-C85E-4A84-A762-EBBD0D943AA9}.Debug|Any CPU.ActiveCfg = Debug|Any CPU
		{91ACB29A-C85E-4A84-A762-EBBD0D943AA9}.Debug|Any CPU.Build.0 = Debug|Any CPU
		{91ACB29A-C85E-4A84-A762-EBBD0D943AA9}.Release|Any CPU.ActiveCfg = Release|Any CPU
		{91ACB29A-C85E-4A84-A762-EBBD0D943AA9}.Release|Any CPU.Build.0 = Release|Any CPU
		{DC242665-C027-47B3-AF2C-214AC5BBE8ED}.Debug|Any CPU.ActiveCfg = Debug|Any CPU
		{DC242665-C027-47B3-AF2C-214AC5BBE8ED}.Debug|Any CPU.Build.0 = Debug|Any CPU
		{DC242665-C027-47B3-AF2C-214AC5BBE8ED}.Release|Any CPU.ActiveCfg = Release|Any CPU
		{DC242665-C027-47B3-AF2C-214AC5BBE8ED}.Release|Any CPU.Build.0 = Release|Any CPU
	EndGlobalSection
	GlobalSection(SolutionProperties) = preSolution
		HideSolutionNode = FALSE
	EndGlobalSection
	GlobalSection(ExtensibilityGlobals) = postSolution
		SolutionGuid = {BDC4650F-B654-4B7B-9FB5-7BED41E083D8}
	EndGlobalSection
EndGlobal
